
Microsoft Visual Studio Solution File, Format Version 12.00
# Visual Studio Version 16
VisualStudioVersion = 16.0.30114.105
MinimumVisualStudioVersion = 10.0.40219.1
Project("{2150E333-8FDC-42A3-9474-1A3956D46DE8}") = "01", "01", "{426E1EA2-65D4-419D-ADE4-44288BC7A945}"
EndProject
Project("{FAE04EC0-301F-11D3-BF4B-00C04F79EFBC}") = "src", "01\src\src.csproj", "{82015B29-172D-452F-9BBA-747365B04DCC}"
EndProject
Project("{2150E333-8FDC-42A3-9474-1A3956D46DE8}") = "02", "02", "{269C5F43-4153-4271-8B43-2E3059C7786F}"
EndProject
Project("{FAE04EC0-301F-11D3-BF4B-00C04F79EFBC}") = "src", "02\src\src.csproj", "{9349ED64-71DF-4A76-B7C0-B89D266D2913}"
EndProject
Project("{2150E333-8FDC-42A3-9474-1A3956D46DE8}") = "03", "03", "{CEB97284-6090-439A-BC6B-2E6F34ED21A6}"
EndProject
Project("{FAE04EC0-301F-11D3-BF4B-00C04F79EFBC}") = "src", "03\src\src.csproj", "{B5404543-7658-4CED-92A8-B393D16D4D47}"
EndProject
Project("{2150E333-8FDC-42A3-9474-1A3956D46DE8}") = "template", "template", "{A7C5FD09-76A0-4860-A2F8-14375C1194F1}"
EndProject
Project("{FAE04EC0-301F-11D3-BF4B-00C04F79EFBC}") = "src", "template\src\src.csproj", "{93EB8673-1ADD-4FC3-8132-2D48DEB0DBE3}"
EndProject
Project("{FAE04EC0-301F-11D3-BF4B-00C04F79EFBC}") = "Shared", "Shared\Shared.csproj", "{DF02A08B-6475-450C-8C69-6745125D9B54}"
EndProject
Project("{2150E333-8FDC-42A3-9474-1A3956D46DE8}") = "04", "04", "{C3832449-B334-4646-8A32-BF9AB8351A51}"
EndProject
Project("{FAE04EC0-301F-11D3-BF4B-00C04F79EFBC}") = "src", "04\src\src.csproj", "{BD3C2C16-86B6-42F1-9394-BDDE1CE29212}"
EndProject
Project("{2150E333-8FDC-42A3-9474-1A3956D46DE8}") = "05", "05", "{A5BA488B-D162-4D35-A35E-52746F65DAB8}"
EndProject
Project("{FAE04EC0-301F-11D3-BF4B-00C04F79EFBC}") = "src", "05\src\src.csproj", "{09655B81-BC15-4148-BD5F-0F0F479D23EA}"
EndProject
Global
	GlobalSection(SolutionConfigurationPlatforms) = preSolution
		Debug|Any CPU = Debug|Any CPU
		Release|Any CPU = Release|Any CPU
	EndGlobalSection
	GlobalSection(SolutionProperties) = preSolution
		HideSolutionNode = FALSE
	EndGlobalSection
	GlobalSection(ProjectConfigurationPlatforms) = postSolution
		{82015B29-172D-452F-9BBA-747365B04DCC}.Debug|Any CPU.ActiveCfg = Debug|Any CPU
		{82015B29-172D-452F-9BBA-747365B04DCC}.Debug|Any CPU.Build.0 = Debug|Any CPU
		{82015B29-172D-452F-9BBA-747365B04DCC}.Release|Any CPU.ActiveCfg = Release|Any CPU
		{82015B29-172D-452F-9BBA-747365B04DCC}.Release|Any CPU.Build.0 = Release|Any CPU
		{9349ED64-71DF-4A76-B7C0-B89D266D2913}.Debug|Any CPU.ActiveCfg = Debug|Any CPU
		{9349ED64-71DF-4A76-B7C0-B89D266D2913}.Debug|Any CPU.Build.0 = Debug|Any CPU
		{9349ED64-71DF-4A76-B7C0-B89D266D2913}.Release|Any CPU.ActiveCfg = Release|Any CPU
		{9349ED64-71DF-4A76-B7C0-B89D266D2913}.Release|Any CPU.Build.0 = Release|Any CPU
		{B5404543-7658-4CED-92A8-B393D16D4D47}.Debug|Any CPU.ActiveCfg = Debug|Any CPU
		{B5404543-7658-4CED-92A8-B393D16D4D47}.Debug|Any CPU.Build.0 = Debug|Any CPU
		{B5404543-7658-4CED-92A8-B393D16D4D47}.Release|Any CPU.ActiveCfg = Release|Any CPU
		{B5404543-7658-4CED-92A8-B393D16D4D47}.Release|Any CPU.Build.0 = Release|Any CPU
		{93EB8673-1ADD-4FC3-8132-2D48DEB0DBE3}.Debug|Any CPU.ActiveCfg = Debug|Any CPU
		{93EB8673-1ADD-4FC3-8132-2D48DEB0DBE3}.Debug|Any CPU.Build.0 = Debug|Any CPU
		{93EB8673-1ADD-4FC3-8132-2D48DEB0DBE3}.Release|Any CPU.ActiveCfg = Release|Any CPU
		{93EB8673-1ADD-4FC3-8132-2D48DEB0DBE3}.Release|Any CPU.Build.0 = Release|Any CPU
		{DF02A08B-6475-450C-8C69-6745125D9B54}.Debug|Any CPU.ActiveCfg = Debug|Any CPU
		{DF02A08B-6475-450C-8C69-6745125D9B54}.Debug|Any CPU.Build.0 = Debug|Any CPU
		{DF02A08B-6475-450C-8C69-6745125D9B54}.Release|Any CPU.ActiveCfg = Release|Any CPU
		{DF02A08B-6475-450C-8C69-6745125D9B54}.Release|Any CPU.Build.0 = Release|Any CPU
		{BD3C2C16-86B6-42F1-9394-BDDE1CE29212}.Debug|Any CPU.ActiveCfg = Debug|Any CPU
		{BD3C2C16-86B6-42F1-9394-BDDE1CE29212}.Debug|Any CPU.Build.0 = Debug|Any CPU
		{BD3C2C16-86B6-42F1-9394-BDDE1CE29212}.Release|Any CPU.ActiveCfg = Release|Any CPU
		{BD3C2C16-86B6-42F1-9394-BDDE1CE29212}.Release|Any CPU.Build.0 = Release|Any CPU
		{09655B81-BC15-4148-BD5F-0F0F479D23EA}.Debug|Any CPU.ActiveCfg = Debug|Any CPU
		{09655B81-BC15-4148-BD5F-0F0F479D23EA}.Debug|Any CPU.Build.0 = Debug|Any CPU
		{09655B81-BC15-4148-BD5F-0F0F479D23EA}.Release|Any CPU.ActiveCfg = Release|Any CPU
		{09655B81-BC15-4148-BD5F-0F0F479D23EA}.Release|Any CPU.Build.0 = Release|Any CPU
	EndGlobalSection
	GlobalSection(NestedProjects) = preSolution
		{82015B29-172D-452F-9BBA-747365B04DCC} = {426E1EA2-65D4-419D-ADE4-44288BC7A945}
		{9349ED64-71DF-4A76-B7C0-B89D266D2913} = {269C5F43-4153-4271-8B43-2E3059C7786F}
		{B5404543-7658-4CED-92A8-B393D16D4D47} = {CEB97284-6090-439A-BC6B-2E6F34ED21A6}
		{93EB8673-1ADD-4FC3-8132-2D48DEB0DBE3} = {A7C5FD09-76A0-4860-A2F8-14375C1194F1}
		{BD3C2C16-86B6-42F1-9394-BDDE1CE29212} = {C3832449-B334-4646-8A32-BF9AB8351A51}
		{09655B81-BC15-4148-BD5F-0F0F479D23EA} = {A5BA488B-D162-4D35-A35E-52746F65DAB8}
	EndGlobalSection
EndGlobal
